
Microsoft Visual Studio Solution File, Format Version 12.00
# Visual Studio Version 16
VisualStudioVersion = 16.0.32002.261
MinimumVisualStudioVersion = 10.0.40219.1
Project("{FAE04EC0-301F-11D3-BF4B-00C04F79EFBC}") = "FinalProjectFirstTest", "FinalProjectFirstTest\FinalProjectFirstTest.csproj", "{58CB7817-0D8A-484D-A143-1F744517D802}"
EndProject
Global
	GlobalSection(SolutionConfigurationPlatforms) = preSolution
		Debug|Any CPU = Debug|Any CPU
		Release|Any CPU = Release|Any CPU
	EndGlobalSection
	GlobalSection(ProjectConfigurationPlatforms) = postSolution
		{58CB7817-0D8A-484D-A143-1F744517D802}.Debug|Any CPU.ActiveCfg = Debug|Any CPU
		{58CB7817-0D8A-484D-A143-1F744517D802}.Debug|Any CPU.Build.0 = Debug|Any CPU
		{58CB7817-0D8A-484D-A143-1F744517D802}.Release|Any CPU.ActiveCfg = Release|Any CPU
		{58CB7817-0D8A-484D-A143-1F744517D802}.Release|Any CPU.Build.0 = Release|Any CPU
	EndGlobalSection
	GlobalSection(SolutionProperties) = preSolution
		HideSolutionNode = FALSE
	EndGlobalSection
	GlobalSection(ExtensibilityGlobals) = postSolution
		SolutionGuid = {CB07D54A-2193-47B3-848A-CC5C5B793E48}
	EndGlobalSection
EndGlobal
